{
    "_meta": {
        "hash": {
            "sha256": "cd527ed505434f2a1c78d837bbd9dc79d47236fc0b1a32a777c3bcb6b56be250"
        },
        "pipfile-spec": 6,
        "requires": {
            "python_version": "3.11"
        },
        "sources": [
            {
                "name": "pypi",
                "url": "https://pypi.org/simple",
                "verify_ssl": true
            }
        ]
    },
    "default": {
        "aiofiles": {
            "hashes": [
                "sha256:19297512c647d4b27a2cf7c34caa7e405c0d60b5560618a29a9fe027b18b0107",
                "sha256:84ec2218d8419404abcb9f0c02df3f34c6e0a68ed41072acfb1cef5cbc29051a"
            ],
            "markers": "python_version >= '3.7'",
            "version": "==23.2.1"
        },
        "anyio": {
            "hashes": [
                "sha256:44a3c9aba0f5defa43261a8b3efb97891f2bd7d804e0e1f56419befa1adfc780",
                "sha256:91dee416e570e92c64041bd18b900d1d6fa78dff7048769ce5ac5ddad004fbb5"
            ],
            "markers": "python_version >= '3.7'",
            "version": "==3.7.1"
        },
        "asgi-csrf": {
            "hashes": [
                "sha256:6e9d3bddaeac1a8fd33b188fe2abc8271f9085ab7be6e1a7f4d3c9df5d7f741a",
                "sha256:e974cffb8a4ab84a28a0088acbf7a4ecc5be4a64f08dcbe19c60dea103da01c0"
            ],
            "version": "==0.9"
        },
        "asgiref": {
            "hashes": [
                "sha256:89b2ef2247e3b562a16eef663bc0e2e703ec6468e2fa8a5cd61cd449786d4f6e",
                "sha256:9e0ce3aa93a819ba5b45120216b23878cf6e8525eb3848653452b4192b92afed"
            ],
            "markers": "python_version >= '3.7'",
            "version": "==3.7.2"
        },
        "attrs": {
            "hashes": [
                "sha256:1f28b4522cdc2fb4256ac1a020c78acf9cba2c6b461ccd2c126f3aa8e8335d04",
                "sha256:6279836d581513a26f1bf235f9acd333bc9115683f14f7e8fae46c98fc50e015"
            ],
            "markers": "python_version >= '3.7'",
            "version": "==23.1.0"
        },
        "census-map-downloader": {
            "hashes": [
                "sha256:4a9ced681eabad946e85c6891822fbaa2e1c75f5747cd11faa3cb6ce5caea8d7",
                "sha256:7261f1c77c3f132d1337d52a3a80178dac45b5814904d91a7ce7bd939b1c6a87"
            ],
            "index": "pypi",
            "version": "==0.1.3"
        },
        "certifi": {
            "hashes": [
                "sha256:539cc1d13202e33ca466e88b2807e29f4c13049d6d87031a3c110744495cb082",
                "sha256:92d6037539857d8206b8f6ae472e8b77db8058fec5937a1ef3f54304089edbb9"
            ],
            "markers": "python_version >= '3.6'",
            "version": "==2023.7.22"
        },
        "click": {
            "hashes": [
                "sha256:ae74fb96c20a0277a1d615f1e4d73c8414f5a98db8b799a7931d1582f3390c28",
                "sha256:ca9853ad459e787e2192211578cc907e7594e294c7ccc834310722b41b9ca6de"
            ],
            "markers": "python_version >= '3.7'",
            "version": "==8.1.7"
        },
        "click-default-group-wheel": {
            "hashes": [
                "sha256:1599b0b6e0ff63ee806c2cb76593cb8cc73e723cd53532c92bc496dc6fc90e5c",
                "sha256:e90da42d92c03e88a12ed0c0b69c8a29afb5d36e3dc8d29c423ba4219e6d7747"
            ],
            "version": "==1.2.2"
        },
        "click-plugins": {
            "hashes": [
                "sha256:46ab999744a9d831159c3411bb0c79346d94a444df9a3a3742e9ed63645f264b",
                "sha256:5d262006d3222f5057fd81e1623d4443e41dcda5dc815c06b442aa3c02889fc8"
            ],
            "version": "==1.1.1"
        },
        "cligj": {
            "hashes": [
                "sha256:a4bc13d623356b373c2c27c53dbd9c68cae5d526270bfa71f6c6fa69669c6b27",
                "sha256:c1ca117dbce1fe20a5809dc96f01e1c2840f6dcc939b3ddbb1111bf330ba82df"
            ],
            "markers": "python_version >= '2.7' and python_version not in '3.0, 3.1, 3.2, 3.3' and python_version < '4'",
            "version": "==0.7.2"
        },
        "datasette": {
            "hashes": [
                "sha256:12ae15cd680d87f76a45ad30ff5b28a1fbf482e480dffdcfcea48be58b7a7c11",
                "sha256:5d1e2272c9b5321f4fe158da76c81897dc34ea8daef9633b7232437782026096"
            ],
            "index": "pypi",
            "version": "==0.64.3"
        },
        "datasette-geojson": {
            "hashes": [
                "sha256:6de231185b40d1ea07775f0e09d15ac2d9879685b8b683a84442a96371b971f4",
                "sha256:ecf7ca75b084b57d0a8007cfb9965cdae53fbb29fe8f0a41feffff941a23da8a"
            ],
            "markers": "python_version >= '3.7'",
            "version": "==0.4.0"
        },
        "datasette-geojson-map": {
            "hashes": [
                "sha256:4035a5ae8e5d8caaad31c2ad68e388bbb14b34e3aa94e556fd34491a599c2c40",
                "sha256:858701f2bbd60363052b3683d2bbfe73b05ed575c51d3bee3e57690089cb663c"
            ],
            "index": "pypi",
            "version": "==0.4.0"
        },
        "datasette-leaflet": {
            "hashes": [
                "sha256:8fd4e634304be392ae6f7de770d4f22b95a37caecd676a35faeb6200da9423bc",
                "sha256:fd88c25666e7680b25b4c6e5546bd02c9f5836bbc0fee61042dbb6b93d4139f0"
            ],
            "markers": "python_version >= '3.6'",
            "version": "==0.2.2"
        },
        "datasette-publish-fly": {
            "hashes": [
                "sha256:016760349e0c1bda17abb88b73118b888491c4dff6b64bdfa1d5795e1fde9fb0",
                "sha256:ca11b97cbb3849f755577b124337d6eaf387da0f00b06e1854fdb4212250ecbf"
            ],
            "index": "pypi",
            "version": "==1.3"
        },
        "datasette-query-files": {
            "hashes": [
                "sha256:6521e38682668f257bae09f78c02837f0a6158124c5cc10c0a125deb3d28676b",
                "sha256:dfcd8880fb6b1126545a1fb21448e228963596ea877754527e7cb4edf95baad8"
            ],
            "index": "pypi",
            "version": "==0.1.1"
        },
        "fiona": {
            "hashes": [
                "sha256:1a585002a6385cc8ab0f66ddf3caf18711f531901906abd011a67a0cc89ab7b0",
                "sha256:1da8b954f6f222c3c782bc285586ea8dd9d7e55e1bc7861da9cd772bca671660",
                "sha256:285f3dd4f96aa0a3955ed469f0543375b20989731b2dddc85124453f11ac62bc",
                "sha256:2c2c7b09eecee3bb074ef8aa518cd6ab30eb663c6fdd0eff3c88d454a9746eaa",
                "sha256:39baf11ff0e4318397e2b2197de427b4eebdc49d4a9a7c1366f8a7ed682978a4",
                "sha256:450561d308d3ce7c7e30294822b1de3f4f942033b703ddd4a91a7f7f5f506ca0",
                "sha256:5679d3f7e0d513035eb72e59527bb90486859af4405755dfc739138633106120",
                "sha256:71b023ef5248ebfa5524e7a875033f7db3bbfaf634b1b5c1ae36958d1eb82083",
                "sha256:74511d3755695d75cea0f4ff6f5e0c6c5d5be8e0d46dafff124c6a219e99b1eb",
                "sha256:7bfb1f49e0e53f6cd7ad64ae809d72646266b37a7b9881205977408b443a8d79",
                "sha256:a670ea4262cb9140445bcfc97cbfd2f508a058be342f4a97e966b8ce7696601f",
                "sha256:b0387cae39e27f338fd948b3b50b6e6ce198cc4cec257fc91660849697c69dc3",
                "sha256:b633a2e550e083805c638d2ab8059c283ca112aaea8241e170c012d2ee0aa905",
                "sha256:c1faa625d5202b8403471bbc9f9c96b1bf9099cfcb0ee02a80a3641d3d02383e",
                "sha256:c671d8832287cda397621d79c5a635d52e4631f33a8f0e6fdc732a79a93cb96c",
                "sha256:d6483a20037db2209c8e9a0c6f1e552f807d03c8f42ed0c865ab500945a37c4d",
                "sha256:d93c993265f6378b23f47708c83bddb3377ca6814a1f0b5a0ae0bee9c8d72cf8",
                "sha256:dbe158947099a83ad16f9acd3a21f50ff01114c64e2de67805e382e6b6e0083a",
                "sha256:ea7c44c15b3a653452b9b3173181490b7afc5f153b0473c145c43c0fbf90448b",
                "sha256:f5da66b723a876142937e683431bbaa5c3d81bb2ed3ec98941271bc99b7f8cd0"
            ],
            "markers": "python_version >= '3.7'",
            "version": "==1.9.4.post1"
        },
        "geojson": {
            "hashes": [
                "sha256:e49df982b204ed481e4c1236c57f587adf71537301cf8faf7120ab27d73c7568",
                "sha256:ff3d75acab60b1e66504a11f7ea12c104bad32ff3c410a807788663b966dee4a"
            ],
            "markers": "python_version < '3.12' and python_version >= '3.7'",
            "version": "==3.0.1"
        },
        "geojson-to-sqlite": {
            "hashes": [
                "sha256:583e25472bb9d6e5bb8eae4e231578bc2a82c0ddc282ac2c9c1d3055345688be",
                "sha256:c35611fe30e7dc01bb1823de7039653846a377b56db98313bc51c1b44089aec5"
            ],
            "index": "pypi",
            "version": "==1.1.1"
        },
        "geopandas": {
            "hashes": [
                "sha256:101cfd0de54bcf9e287a55b5ea17ebe0db53a5e25a28bacf100143d0507cabd9",
                "sha256:e5b56d9c20800c77bcc0c914db3f27447a37b23b2cd892be543f5001a694a968"
            ],
            "markers": "python_version >= '3.8'",
            "version": "==0.13.2"
        },
        "h11": {
            "hashes": [
                "sha256:8f19fbbe99e72420ff35c00b27a34cb9937e902a8b810e2c88300c6f0a3b699d",
                "sha256:e3fe4ac4b851c468cc8363d500db52c2ead036020723024a109d37346efaa761"
            ],
            "markers": "python_version >= '3.7'",
            "version": "==0.14.0"
        },
        "httpcore": {
            "hashes": [
                "sha256:a6f30213335e34c1ade7be6ec7c47f19f50c56db36abef1a9dfa3815b1cb3888",
                "sha256:c2789b767ddddfa2a5782e3199b2b7f6894540b17b16ec26b2c4d8e103510b87"
            ],
            "markers": "python_version >= '3.7'",
            "version": "==0.17.3"
        },
        "httpx": {
            "hashes": [
                "sha256:06781eb9ac53cde990577af654bd990a4949de37a28bdb4a230d434f3a30b9bd",
                "sha256:5853a43053df830c20f8110c5e69fe44d035d850b2dfe795e196f00fdb774bdd"
            ],
            "markers": "python_version >= '3.7'",
            "version": "==0.24.1"
        },
        "hupper": {
            "hashes": [
                "sha256:18b1653d9832c9f8e7d3401986c7e7af2ae6783616be0bc406bfe0b14134a5c6",
                "sha256:b8bc41bb75939e816f30f118026d0ba99544af4d6992583df3b4813765af27ef"
            ],
            "markers": "python_version >= '3.7'",
            "version": "==1.12"
        },
        "idna": {
            "hashes": [
                "sha256:814f528e8dead7d329833b91c5faa87d60bf71824cd12a7530b5526063d02cb4",
                "sha256:90b77e79eaa3eba6de819a0c442c0b4ceefc341a7a2ab77d7562bf49f425c5c2"
            ],
            "markers": "python_version >= '3.5'",
            "version": "==3.4"
        },
        "itsdangerous": {
            "hashes": [
                "sha256:2c2349112351b88699d8d4b6b075022c0808887cb7ad10069318a8b0bc88db44",
                "sha256:5dbbc68b317e5e42f327f9021763545dc3fc3bfe22e6deb96aaf1fc38874156a"
            ],
            "markers": "python_version >= '3.7'",
            "version": "==2.1.2"
        },
        "janus": {
            "hashes": [
                "sha256:2596ea5482711c1ee3ef2df6c290aaf370a13c55a007826e8f7c32d696d1d00a",
                "sha256:df976f2cdcfb034b147a2d51edfc34ff6bfb12d4e2643d3ad0e10de058cb1612"
            ],
            "markers": "python_version >= '3.7'",
            "version": "==1.0.0"
        },
        "jellyfish": {
            "hashes": [
                "sha256:010ebed019b7efa27171acb66ca5e7d4f40ab0b122663e6b4062ac22816b5d9a",
                "sha256:02611b975311694bc98789f03c12bbd679cba4a95b74d0f51f264a4bf7b14021",
                "sha256:0c289620b2a1931237b75f4a08f93531f3a9a0125a840c8a780e50688520b266",
                "sha256:0cbe9f573dfd0bffbe60fb6980d54e65c7772dec217c4bc68392141458c8406e",
                "sha256:1613e6623de71008c4b27250b8f2c5406104beff6487b9fe48af5089e06de2dd",
                "sha256:16cf6a55433ca4fe8f13d5ba96882a058d19030bcd8c50cdd8f62009c4106c55",
                "sha256:1d7b7fa3e0e6c7c83fc0fd1e3abce2fa7d72945c97da9bf9b84d396bbfcaf61a",
                "sha256:1fab569e574a40fa5e9268d0a00f38d808b997f777a0583e2b9ba135a9536a02",
                "sha256:26b07f9f957054a99573d51c40118aa1a400354da54e65d24cf22c41840f7a95",
                "sha256:2d28edaaae08b2af9babf39b2e7d30571217fbc70168d88fbdef414e53177ca8",
                "sha256:335f287613af3b23bb06ab216a78315b5cec877c84748c8927cb4e4e106fbe6f",
                "sha256:3aea11b9a0699bdaa0e15df2e3beeceb5cac82ab072b35f2997ecc3493240027",
                "sha256:3ded3e9b5aa82371281f494fbbfab9a0fa79b0a66bf529b63c109fe0328d23c5",
                "sha256:44cbafbe1bdf9e878ac144880d15f31ab79fb4f5fb22a7df55378519d80cfdcc",
                "sha256:4db605459280deefc2b3497932aeb2784c54ede2aec786a4120cf650281652ad",
                "sha256:4de595f3395e15a82f5a45c3265ea8fd594b19f62bbdc7349a3468bba63878a2",
                "sha256:4ea2777bbee00e896c9d5bb3a146f6e2387b3c83e0f9bdfa53aef824010ae14b",
                "sha256:519297c0f3bf119958012348354afb2c95cbc61f78b4807ff8d1378199f70a4a",
                "sha256:5204365138dbbd50f634cb246a4812f64d3b3054d32825c16c5176cae2171dcf",
                "sha256:54af2ca0db82b57c022aa3e3a5ed5fa57ac2b8ab3c005ecefc975a648bf771c6",
                "sha256:58385a72663e53d753c8c3131d609f35be841068ac319c507bc49c951333b394",
                "sha256:60e3b8e7e38b85df90f2e04eeed592fe1abc71941ce09e57a8956e21f05ce64f",
                "sha256:6245916cb73242828ba4f8f44dec3f149b96965848d59d3d66b1f809208dc39a",
                "sha256:654f2b1543b9927c4429bd5d66f98d1f47e6eb9a4e56212e1907fb4eea258c5a",
                "sha256:661c46b427a1c2a4b4343bda71354a37e897648239f8831d149eb1e7a2bf902c",
                "sha256:69a53c1ccf26ad480a277ee3147c7db9284511d79e1aa117855078423798d277",
                "sha256:6ba932f17566a21c009dac8167c0289dd2175c219eea3f3f695d043c50989f46",
                "sha256:6bff57058fb2c9ffefe4b683a4c61de58346603ef699f768f173a2a0637a0c16",
                "sha256:76c452ef0f0241fabbd6943abfccbcb29dc6078ccc1dcef066fe537bb518ad6e",
                "sha256:790ad5b36796f521189a609120689840540b3d7a44e64b7bc2007ebab6c96d52",
                "sha256:7be70324908f9f4be6c06278cd9be58d8a30b6d25f5eb7522537c5da08819ade",
                "sha256:7d38c2f19ec0b8b217678074b5ab56d9f44e075327b1fb0d2aa4a9e2968b27b5",
                "sha256:7d51a3cc18b1143f03c135ea34919daf2f87126c5e55b0f2e60e4616f1765f8d",
                "sha256:8f9f5f2af653696c29466a94bf0237c64fe21699d9416e0e94ca51863c1ce96a",
                "sha256:90fc8c600252072e48c5bc4e0e4d835c440c9c94f69e1d26a672328e17de3ec8",
                "sha256:91912106d47b5367704d3e222822750998610a12b1aa9b259eb38bf059aa2383",
                "sha256:9a92d5dce96711fad362399c8a569923b488ab108f531157ca381decc7096d7d",
                "sha256:9df6bb8ba3c6f2508dc030ed77e489f427d44cf24557a0a8ab2bba3c19af99d6",
                "sha256:9e2f7172d7c5fda4222f98247ab8d366a4ef879350b927dfbdefe1dd6dd83ef3",
                "sha256:a1b1ae7e64e9d58c0d4ce2278a229f3f7ead5eb2744f90369f3967f3c666f28f",
                "sha256:a9e70e018c9620378c95b28de6d597c6cf87cd0b9e9b446444468e7e411b159d",
                "sha256:b2e563bdaa9abb028b4a9bca9903aaa463a2bae7b05e7af50326d2c1ba959f8e",
                "sha256:b5136535cbf5535090ce99a1f56cfaec43f11f29277faf67241f4bf6f0b578bc",
                "sha256:bd8000a32da09cbb717d7434c39bf7421e7d8367a711fe617fa6addee3572740",
                "sha256:bfff0dc1d6d470183e8e0e76b798f81a7ccfaef92c409647dbc0fb4d0a01e1d5",
                "sha256:c82b72feca25036bda4ea4e355cc06707e61724e970672a987e76bf2b2fc6922",
                "sha256:cad06b9d0f76d5d030bcb8b86454e50aae8166b1c507d3d610743abcf8b7881a",
                "sha256:cd1a25a4ff4b75b8a91ba42f6a27a5f423d0cb1ae2f29090a99e0a29afdfefdc",
                "sha256:de3a153b1b915d8e37ce97c47b90ebad061624ae922bf3c250b1e0c3362c3ade",
                "sha256:de6c1d9f7e9d2e65e23774d792054bcc9b995d6fae447b0cf99e7be12926f28b",
                "sha256:e097c439f33eecdd85ef11a30158905c8e7d2888a163adbbe9f11c96af1af34b",
                "sha256:ec049a17942be3ecfd239a8fe9cf34caaf063ac9c14e700fe59b74528798aedd",
                "sha256:ed39ff56c19a4150f412b63e9835354c929f3d8108c586d604cc1c342f0ca34c",
                "sha256:f44546131011cbaa76f2a38d87faeec73524efa812d04b7d3edbf6e6e76c4969",
                "sha256:f7872acd036f2edf1bbe503ee26dd218216f62a9ab717d9d984a8504234cc484",
                "sha256:fdc44007f3f69b8637edc79e8fed0a75a3d4fc08209167aadbe4cf9724469e90",
                "sha256:ff959e48103f4c7a65a7fd67c5783d8939ecfbc3d3ad2b726030b0652e781e41"
            ],
            "markers": "python_version >= '3.7'",
            "version": "==0.11.2"
        },
        "jinja2": {
            "hashes": [
                "sha256:31351a702a408a9e7595a8fc6150fc3f43bb6bf7e319770cbc0db9df9437e852",
                "sha256:6088930bfe239f0e6710546ab9c19c9ef35e29792895fed6e6e31a023a182a61"
            ],
            "markers": "python_version >= '3.7'",
            "version": "==3.1.2"
        },
        "markupsafe": {
            "hashes": [
                "sha256:05fb21170423db021895e1ea1e1f3ab3adb85d1c2333cbc2310f2a26bc77272e",
                "sha256:0a4e4a1aff6c7ac4cd55792abf96c915634c2b97e3cc1c7129578aa68ebd754e",
                "sha256:10bbfe99883db80bdbaff2dcf681dfc6533a614f700da1287707e8a5d78a8431",
                "sha256:134da1eca9ec0ae528110ccc9e48041e0828d79f24121a1a146161103c76e686",
                "sha256:1577735524cdad32f9f694208aa75e422adba74f1baee7551620e43a3141f559",
                "sha256:1b40069d487e7edb2676d3fbdb2b0829ffa2cd63a2ec26c4938b2d34391b4ecc",
                "sha256:282c2cb35b5b673bbcadb33a585408104df04f14b2d9b01d4c345a3b92861c2c",
                "sha256:2c1b19b3aaacc6e57b7e25710ff571c24d6c3613a45e905b1fde04d691b98ee0",
                "sha256:2ef12179d3a291be237280175b542c07a36e7f60718296278d8593d21ca937d4",
                "sha256:338ae27d6b8745585f87218a3f23f1512dbf52c26c28e322dbe54bcede54ccb9",
                "sha256:3c0fae6c3be832a0a0473ac912810b2877c8cb9d76ca48de1ed31e1c68386575",
                "sha256:3fd4abcb888d15a94f32b75d8fd18ee162ca0c064f35b11134be77050296d6ba",
                "sha256:42de32b22b6b804f42c5d98be4f7e5e977ecdd9ee9b660fda1a3edf03b11792d",
                "sha256:504b320cd4b7eff6f968eddf81127112db685e81f7e36e75f9f84f0df46041c3",
                "sha256:525808b8019e36eb524b8c68acdd63a37e75714eac50e988180b169d64480a00",
                "sha256:56d9f2ecac662ca1611d183feb03a3fa4406469dafe241673d521dd5ae92a155",
                "sha256:5bbe06f8eeafd38e5d0a4894ffec89378b6c6a625ff57e3028921f8ff59318ac",
                "sha256:65c1a9bcdadc6c28eecee2c119465aebff8f7a584dd719facdd9e825ec61ab52",
                "sha256:68e78619a61ecf91e76aa3e6e8e33fc4894a2bebe93410754bd28fce0a8a4f9f",
                "sha256:69c0f17e9f5a7afdf2cc9fb2d1ce6aabdb3bafb7f38017c0b77862bcec2bbad8",
                "sha256:6b2b56950d93e41f33b4223ead100ea0fe11f8e6ee5f641eb753ce4b77a7042b",
                "sha256:787003c0ddb00500e49a10f2844fac87aa6ce977b90b0feaaf9de23c22508b24",
                "sha256:7ef3cb2ebbf91e330e3bb937efada0edd9003683db6b57bb108c4001f37a02ea",
                "sha256:8023faf4e01efadfa183e863fefde0046de576c6f14659e8782065bcece22198",
                "sha256:8758846a7e80910096950b67071243da3e5a20ed2546e6392603c096778d48e0",
                "sha256:8afafd99945ead6e075b973fefa56379c5b5c53fd8937dad92c662da5d8fd5ee",
                "sha256:8c41976a29d078bb235fea9b2ecd3da465df42a562910f9022f1a03107bd02be",
                "sha256:8e254ae696c88d98da6555f5ace2279cf7cd5b3f52be2b5cf97feafe883b58d2",
                "sha256:9402b03f1a1b4dc4c19845e5c749e3ab82d5078d16a2a4c2cd2df62d57bb0707",
                "sha256:962f82a3086483f5e5f64dbad880d31038b698494799b097bc59c2edf392fce6",
                "sha256:9dcdfd0eaf283af041973bff14a2e143b8bd64e069f4c383416ecd79a81aab58",
                "sha256:aa7bd130efab1c280bed0f45501b7c8795f9fdbeb02e965371bbef3523627779",
                "sha256:ab4a0df41e7c16a1392727727e7998a467472d0ad65f3ad5e6e765015df08636",
                "sha256:ad9e82fb8f09ade1c3e1b996a6337afac2b8b9e365f926f5a61aacc71adc5b3c",
                "sha256:af598ed32d6ae86f1b747b82783958b1a4ab8f617b06fe68795c7f026abbdcad",
                "sha256:b076b6226fb84157e3f7c971a47ff3a679d837cf338547532ab866c57930dbee",
                "sha256:b7ff0f54cb4ff66dd38bebd335a38e2c22c41a8ee45aa608efc890ac3e3931bc",
                "sha256:bfce63a9e7834b12b87c64d6b155fdd9b3b96191b6bd334bf37db7ff1fe457f2",
                "sha256:c011a4149cfbcf9f03994ec2edffcb8b1dc2d2aede7ca243746df97a5d41ce48",
                "sha256:c9c804664ebe8f83a211cace637506669e7890fec1b4195b505c214e50dd4eb7",
                "sha256:ca379055a47383d02a5400cb0d110cef0a776fc644cda797db0c5696cfd7e18e",
                "sha256:cb0932dc158471523c9637e807d9bfb93e06a95cbf010f1a38b98623b929ef2b",
                "sha256:cd0f502fe016460680cd20aaa5a76d241d6f35a1c3350c474bac1273803893fa",
                "sha256:ceb01949af7121f9fc39f7d27f91be8546f3fb112c608bc4029aef0bab86a2a5",
                "sha256:d080e0a5eb2529460b30190fcfcc4199bd7f827663f858a226a81bc27beaa97e",
                "sha256:dd15ff04ffd7e05ffcb7fe79f1b98041b8ea30ae9234aed2a9168b5797c3effb",
                "sha256:df0be2b576a7abbf737b1575f048c23fb1d769f267ec4358296f31c2479db8f9",
                "sha256:e09031c87a1e51556fdcb46e5bd4f59dfb743061cf93c4d6831bf894f125eb57",
                "sha256:e4dd52d80b8c83fdce44e12478ad2e85c64ea965e75d66dbeafb0a3e77308fcc",
                "sha256:fec21693218efe39aa7f8599346e90c705afa52c5b31ae019b2e57e8f6542bb2"
            ],
            "markers": "python_version >= '3.7'",
            "version": "==2.1.3"
        },
        "mergedeep": {
            "hashes": [
                "sha256:0096d52e9dad9939c3d975a774666af186eda617e6ca84df4c94dec30004f2a8",
                "sha256:70775750742b25c0d8f36c55aed03d24c3384d17c951b3175d898bd778ef0307"
            ],
            "markers": "python_version >= '3.6'",
            "version": "==1.3.4"
        },
        "numpy": {
            "hashes": [
                "sha256:0d60fbae8e0019865fc4784745814cff1c421df5afee233db6d88ab4f14655a2",
                "sha256:1a1329e26f46230bf77b02cc19e900db9b52f398d6722ca853349a782d4cff55",
                "sha256:1b9735c27cea5d995496f46a8b1cd7b408b3f34b6d50459d9ac8fe3a20cc17bf",
                "sha256:2792d23d62ec51e50ce4d4b7d73de8f67a2fd3ea710dcbc8563a51a03fb07b01",
                "sha256:3e0746410e73384e70d286f93abf2520035250aad8c5714240b0492a7302fdca",
                "sha256:4c3abc71e8b6edba80a01a52e66d83c5d14433cbcd26a40c329ec7ed09f37901",
                "sha256:5883c06bb92f2e6c8181df7b39971a5fb436288db58b5a1c3967702d4278691d",
                "sha256:5c97325a0ba6f9d041feb9390924614b60b99209a71a69c876f71052521d42a4",
                "sha256:60e7f0f7f6d0eee8364b9a6304c2845b9c491ac706048c7e8cf47b83123b8dbf",
                "sha256:76b4115d42a7dfc5d485d358728cdd8719be33cc5ec6ec08632a5d6fca2ed380",
                "sha256:7dc869c0c75988e1c693d0e2d5b26034644399dd929bc049db55395b1379e044",
                "sha256:834b386f2b8210dca38c71a6e0f4fd6922f7d3fcff935dbe3a570945acb1b545",
                "sha256:8b77775f4b7df768967a7c8b3567e309f617dd5e99aeb886fa14dc1a0791141f",
                "sha256:90319e4f002795ccfc9050110bbbaa16c944b1c37c0baeea43c5fb881693ae1f",
                "sha256:b79e513d7aac42ae918db3ad1341a015488530d0bb2a6abcbdd10a3a829ccfd3",
                "sha256:bb33d5a1cf360304754913a350edda36d5b8c5331a8237268c48f91253c3a364",
                "sha256:bec1e7213c7cb00d67093247f8c4db156fd03075f49876957dca4711306d39c9",
                "sha256:c5462d19336db4560041517dbb7759c21d181a67cb01b36ca109b2ae37d32418",
                "sha256:c5652ea24d33585ea39eb6a6a15dac87a1206a692719ff45d53c5282e66d4a8f",
                "sha256:d7806500e4f5bdd04095e849265e55de20d8cc4b661b038957354327f6d9b295",
                "sha256:db3ccc4e37a6873045580d413fe79b68e47a681af8db2e046f1dacfa11f86eb3",
                "sha256:dfe4a913e29b418d096e696ddd422d8a5d13ffba4ea91f9f60440a3b759b0187",
                "sha256:eb942bfb6f84df5ce05dbf4b46673ffed0d3da59f13635ea9b926af3deb76926",
                "sha256:f08f2e037bba04e707eebf4bc934f1972a315c883a9e0ebfa8a7756eabf9e357",
                "sha256:fd608e19c8d7c55021dffd43bfe5492fab8cc105cc8986f813f8c3c048b38760"
            ],
            "markers": "python_version >= '3.9'",
            "version": "==1.25.2"
        },
        "packaging": {
            "hashes": [
                "sha256:994793af429502c4ea2ebf6bf664629d07c1a9fe974af92966e4b8d2df7edc61",
                "sha256:a392980d2b6cffa644431898be54b0045151319d1e7ec34f0cfed48767dd334f"
            ],
            "markers": "python_version >= '3.7'",
            "version": "==23.1"
        },
        "pandas": {
            "hashes": [
                "sha256:04dbdbaf2e4d46ca8da896e1805bc04eb85caa9a82e259e8eed00254d5e0c682",
                "sha256:1168574b036cd8b93abc746171c9b4f1b83467438a5e45909fed645cf8692dbc",
                "sha256:1994c789bf12a7c5098277fb43836ce090f1073858c10f9220998ac74f37c69b",
                "sha256:258d3624b3ae734490e4d63c430256e716f488c4fcb7c8e9bde2d3aa46c29089",
                "sha256:32fca2ee1b0d93dd71d979726b12b61faa06aeb93cf77468776287f41ff8fdc5",
                "sha256:37673e3bdf1551b95bf5d4ce372b37770f9529743d2498032439371fc7b7eb26",
                "sha256:3ef285093b4fe5058eefd756100a367f27029913760773c8bf1d2d8bebe5d210",
                "sha256:5247fb1ba347c1261cbbf0fcfba4a3121fbb4029d95d9ef4dc45406620b25c8b",
                "sha256:5ec591c48e29226bcbb316e0c1e9423622bc7a4eaf1ef7c3c9fa1a3981f89641",
                "sha256:694888a81198786f0e164ee3a581df7d505024fbb1f15202fc7db88a71d84ebd",
                "sha256:69d7f3884c95da3a31ef82b7618af5710dba95bb885ffab339aad925c3e8ce78",
                "sha256:6a21ab5c89dcbd57f78d0ae16630b090eec626360085a4148693def5452d8a6b",
                "sha256:81af086f4543c9d8bb128328b5d32e9986e0c84d3ee673a2ac6fb57fd14f755e",
                "sha256:9e4da0d45e7f34c069fe4d522359df7d23badf83abc1d1cef398895822d11061",
                "sha256:9eae3dc34fa1aa7772dd3fc60270d13ced7346fcbcfee017d3132ec625e23bb0",
                "sha256:9ee1a69328d5c36c98d8e74db06f4ad518a1840e8ccb94a4ba86920986bb617e",
                "sha256:b084b91d8d66ab19f5bb3256cbd5ea661848338301940e17f4492b2ce0801fe8",
                "sha256:b9cb1e14fdb546396b7e1b923ffaeeac24e4cedd14266c3497216dd4448e4f2d",
                "sha256:ba619e410a21d8c387a1ea6e8a0e49bb42216474436245718d7f2e88a2f8d7c0",
                "sha256:c02f372a88e0d17f36d3093a644c73cfc1788e876a7c4bcb4020a77512e2043c",
                "sha256:ce0c6f76a0f1ba361551f3e6dceaff06bde7514a374aa43e33b588ec10420183",
                "sha256:d9cd88488cceb7635aebb84809d087468eb33551097d600c6dad13602029c2df",
                "sha256:e4c7c9f27a4185304c7caf96dc7d91bc60bc162221152de697c98eb0b2648dd8",
                "sha256:f167beed68918d62bffb6ec64f2e1d8a7d297a038f86d4aed056b9493fca407f",
                "sha256:f3421a7afb1a43f7e38e82e844e2bca9a6d793d66c1a7f9f0ff39a795bbc5e02"
            ],
            "markers": "python_version >= '3.8'",
            "version": "==2.0.3"
        },
        "pint": {
            "hashes": [
                "sha256:2d139f6abbcf3016cad7d3cec05707fe908ac4f99cf59aedfd6ee667b7a64433",
                "sha256:6e2b3c5c2b4d9b516608bc860a417a39d66eb99c958f36540cf931d2c2e9f80f"
            ],
            "markers": "python_version >= '3.9'",
            "version": "==0.22"
        },
        "pip": {
            "hashes": [
                "sha256:7ccf472345f20d35bdc9d1841ff5f313260c2c33fe417f48c30ac46cccabf5be",
                "sha256:fb0bd5435b3200c602b5bf61d2d43c2f13c02e29c1707567ae7fbc514eb9faf2"
            ],
            "markers": "python_version >= '3.7'",
            "version": "==23.2.1"
        },
        "pluggy": {
            "hashes": [
                "sha256:c2fd55a7d7a3863cba1a013e4e2414658b1d07b6bc57b3919e0c63c9abb99849",
                "sha256:d12f0c4b579b15f5e054301bb226ee85eeeba08ffec228092f8defbaa3a4c4b3"
            ],
            "markers": "python_version >= '3.7'",
            "version": "==1.2.0"
        },
        "pyproj": {
            "hashes": [
                "sha256:00fab048596c17572fa8980014ef117dbb2a445e6f7ba3b9ddfcc683efc598e7",
                "sha256:08dfc5c9533c78a97afae9d53b99b810a4a8f97c3be9eb2b8f323b726c736403",
                "sha256:1283d3c1960edbb74828f5f3405b27578a9a27f7766ab6a3956f4bd851f08239",
                "sha256:137a07404f937f264b11b7130cd4cfa00002dbe4333b222e8056db84849c2ea4",
                "sha256:18a8bdb87aeb41b60a2e91d32f623227de3569fb83b4c64b174c3a7c5b0ed3ae",
                "sha256:23787460fab85ba2f857ee60ffb2e8e21fd9bd5db9833c51c1c05b2a6d9f0be5",
                "sha256:2799499a4045e4fb73e44c31bdacab0593a253a7a4b6baae6fdd27d604cf9bc2",
                "sha256:3a4d2d438b007cb1f8d5f6f308d53d7ff9a2508cff8f9da6e2a93b76ffd98aaf",
                "sha256:4d8a9773503085eada59b6892c96ddf686ab8cf64cfdc18ad744d13ee76dfa6f",
                "sha256:557e6592855111c84eda176ddf6b130f55d5e2b9cb1c017b8c91b69f37f474f5",
                "sha256:595376e4d3bb72b7dceeccbce0f4c43053d47561f17a1ad0224407e9980ee849",
                "sha256:78276c6b0c831255c97c56dff7313a3571f327a284d8ac63d6a56437a72ed0e0",
                "sha256:830e6de7cfe43853967afee5ef908dfd5aa72d1ec12af9b9e3fecc179886e346",
                "sha256:8fbac2eb9a0e425d7d6b7c6f4ebacd675cf3bdef0c59887057b8b4b0374e7c12",
                "sha256:95120d65cbc5983dfd877076f28dbc18b9b329cbee38ca6e217bb7a5a043c099",
                "sha256:9de1aab71234bfd3fd648a1152519b5ee152c43113d7d8ea52590a0140129501",
                "sha256:a5b111865b3f0f8b77b3983f2fbe4dd6248fc09d3730295949977c8dcd988062",
                "sha256:ba5e7c8ddd6ed5a3f9fcf95ea80ba44c931913723de2ece841c94bb38b200c4a",
                "sha256:d7f6cd045df29aae960391dfe06a575c110af598f1dea5add8be6ca42332b0f5",
                "sha256:de6288b6ceabdeeac01abf627c74414822d322d8f55dc8efe4d29dedd27c5719",
                "sha256:dfe392dfc0eba2248dc08c976a72f52ff9da2bddfddfd9ff5dcf18e8e88200c7",
                "sha256:e342b3010b2b20134671564ff9a8c476e5e512bf589477480aded1a5813af7c8",
                "sha256:e427ccdbb1763872416549bdfa9fa1f5f169054653c4daf674e71480cc39cf11",
                "sha256:e600f6a2771d3b41aeb2cc1efd96771ae9a01451013da1dd48ff272e7c6e34ef",
                "sha256:f04f6297c615c3b17f835df2556ac8fb9b4f51f281e960437eaf0cd80e7ae26a"
            ],
            "markers": "python_version >= '3.9'",
            "version": "==3.6.0"
        },
        "python-dateutil": {
            "hashes": [
                "sha256:0123cacc1627ae19ddf3c27a5de5bd67ee4586fbdd6440d9748f8abb483d3e86",
                "sha256:961d03dc3453ebbc59dbdea9e4e11c5651520a876d0f4db161e8674aae935da9"
            ],
            "markers": "python_version >= '2.7' and python_version not in '3.0, 3.1, 3.2, 3.3'",
            "version": "==2.8.2"
        },
        "python-multipart": {
            "hashes": [
                "sha256:e9925a80bb668529f1b67c7fdb0a5dacdd7cbfc6fb0bff3ea443fe22bdd62132",
                "sha256:ee698bab5ef148b0a760751c261902cd096e57e10558e11aca17646b74ee1c18"
            ],
            "markers": "python_version >= '3.7'",
            "version": "==0.0.6"
        },
        "pytz": {
            "hashes": [
                "sha256:1d8ce29db189191fb55338ee6d0387d82ab59f3d00eac103412d64e0ebd0c588",
                "sha256:a151b3abb88eda1d4e34a9814df37de2a80e301e68ba0fd856fb9b46bfbbbffb"
            ],
            "version": "==2023.3"
        },
        "pyyaml": {
            "hashes": [
                "sha256:062582fca9fabdd2c8b54a3ef1c978d786e0f6b3a1510e0ac93ef59e0ddae2bc",
                "sha256:1635fd110e8d85d55237ab316b5b011de701ea0f29d07611174a1b42f1444741",
                "sha256:184c5108a2aca3c5b3d3bf9395d50893a7ab82a38004c8f61c258d4428e80206",
                "sha256:18aeb1bf9a78867dc38b259769503436b7c72f7a1f1f4c93ff9a17de54319b27",
                "sha256:1d4c7e777c441b20e32f52bd377e0c409713e8bb1386e1099c2415f26e479595",
                "sha256:1e2722cc9fbb45d9b87631ac70924c11d3a401b2d7f410cc0e3bbf249f2dca62",
                "sha256:1fe35611261b29bd1de0070f0b2f47cb6ff71fa6595c077e42bd0c419fa27b98",
                "sha256:28c119d996beec18c05208a8bd78cbe4007878c6dd15091efb73a30e90539696",
                "sha256:42f8152b8dbc4fe7d96729ec2b99c7097d656dc1213a3229ca5383f973a5ed6d",
                "sha256:4fb147e7a67ef577a588a0e2c17b6db51dda102c71de36f8549b6816a96e1867",
                "sha256:50550eb667afee136e9a77d6dc71ae76a44df8b3e51e41b77f6de2932bfe0f47",
                "sha256:510c9deebc5c0225e8c96813043e62b680ba2f9c50a08d3724c7f28a747d1486",
                "sha256:5773183b6446b2c99bb77e77595dd486303b4faab2b086e7b17bc6bef28865f6",
                "sha256:596106435fa6ad000c2991a98fa58eeb8656ef2325d7e158344fb33864ed87e3",
                "sha256:6965a7bc3cf88e5a1c3bd2e0b5c22f8d677dc88a455344035f03399034eb3007",
                "sha256:69b023b2b4daa7548bcfbd4aa3da05b3a74b772db9e23b982788168117739938",
                "sha256:704219a11b772aea0d8ecd7058d0082713c3562b4e271b849ad7dc4a5c90c13c",
                "sha256:7e07cbde391ba96ab58e532ff4803f79c4129397514e1413a7dc761ccd755735",
                "sha256:81e0b275a9ecc9c0c0c07b4b90ba548307583c125f54d5b6946cfee6360c733d",
                "sha256:9046c58c4395dff28dd494285c82ba00b546adfc7ef001486fbf0324bc174fba",
                "sha256:9eb6caa9a297fc2c2fb8862bc5370d0303ddba53ba97e71f08023b6cd73d16a8",
                "sha256:a0cd17c15d3bb3fa06978b4e8958dcdc6e0174ccea823003a106c7d4d7899ac5",
                "sha256:afd7e57eddb1a54f0f1a974bc4391af8bcce0b444685d936840f125cf046d5bd",
                "sha256:b1275ad35a5d18c62a7220633c913e1b42d44b46ee12554e5fd39c70a243d6a3",
                "sha256:b786eecbdf8499b9ca1d697215862083bd6d2a99965554781d0d8d1ad31e13a0",
                "sha256:ba336e390cd8e4d1739f42dfe9bb83a3cc2e80f567d8805e11b46f4a943f5515",
                "sha256:baa90d3f661d43131ca170712d903e6295d1f7a0f595074f151c0aed377c9b9c",
                "sha256:bc1bf2925a1ecd43da378f4db9e4f799775d6367bdb94671027b73b393a7c42c",
                "sha256:bd4af7373a854424dabd882decdc5579653d7868b8fb26dc7d0e99f823aa5924",
                "sha256:bf07ee2fef7014951eeb99f56f39c9bb4af143d8aa3c21b1677805985307da34",
                "sha256:bfdf460b1736c775f2ba9f6a92bca30bc2095067b8a9d77876d1fad6cc3b4a43",
                "sha256:c8098ddcc2a85b61647b2590f825f3db38891662cfc2fc776415143f599bb859",
                "sha256:d2b04aac4d386b172d5b9692e2d2da8de7bfb6c387fa4f801fbf6fb2e6ba4673",
                "sha256:d858aa552c999bc8a8d57426ed01e40bef403cd8ccdd0fc5f6f04a00414cac2a",
                "sha256:f003ed9ad21d6a4713f0a9b5a7a0a79e08dd0f221aff4525a2be4c346ee60aab",
                "sha256:f22ac1c3cac4dbc50079e965eba2c1058622631e526bd9afd45fedd49ba781fa",
                "sha256:faca3bdcf85b2fc05d06ff3fbc1f83e1391b3e724afa3feba7d13eeab355484c",
                "sha256:fca0e3a251908a499833aa292323f32437106001d436eca0e6e7833256674585",
                "sha256:fd1592b3fdf65fff2ad0004b5e363300ef59ced41c2e6b3a99d4089fa8c5435d",
                "sha256:fd66fc5d0da6d9815ba2cebeb4205f95818ff4b79c3ebe268e75d961704af52f"
            ],
            "markers": "python_version >= '3.6'",
            "version": "==6.0.1"
        },
        "setuptools": {
            "hashes": [
                "sha256:3d4dfa6d95f1b101d695a6160a7626e15583af71a5f52176efa5d39a054d475d",
                "sha256:3d8083eed2d13afc9426f227b24fd1659489ec107c0e86cec2ffdde5c92e790b"
            ],
            "markers": "python_version >= '3.8'",
            "version": "==68.1.2"
        },
        "shapely": {
            "hashes": [
                "sha256:01224899ff692a62929ef1a3f5fe389043e262698a708ab7569f43a99a48ae82",
                "sha256:05c51a29336e604c084fb43ae5dbbfa2c0ef9bd6fedeae0a0d02c7b57a56ba46",
                "sha256:09d6c7763b1bee0d0a2b84bb32a4c25c6359ad1ac582a62d8b211e89de986154",
                "sha256:193a398d81c97a62fc3634a1a33798a58fd1dcf4aead254d080b273efbb7e3ff",
                "sha256:1a34a23d6266ca162499e4a22b79159dc0052f4973d16f16f990baa4d29e58b6",
                "sha256:2569a4b91caeef54dd5ae9091ae6f63526d8ca0b376b5bb9fd1a3195d047d7d4",
                "sha256:33403b8896e1d98aaa3a52110d828b18985d740cc9f34f198922018b1e0f8afe",
                "sha256:3ad81f292fffbd568ae71828e6c387da7eb5384a79db9b4fde14dd9fdeffca9a",
                "sha256:3cb256ae0c01b17f7bc68ee2ffdd45aebf42af8992484ea55c29a6151abe4386",
                "sha256:45b4833235b90bc87ee26c6537438fa77559d994d2d3be5190dd2e54d31b2820",
                "sha256:4641325e065fd3e07d55677849c9ddfd0cf3ee98f96475126942e746d55b17c8",
                "sha256:502e0a607f1dcc6dee0125aeee886379be5242c854500ea5fd2e7ac076b9ce6d",
                "sha256:66a6b1a3e72ece97fc85536a281476f9b7794de2e646ca8a4517e2e3c1446893",
                "sha256:70a18fc7d6418e5aea76ac55dce33f98e75bd413c6eb39cfed6a1ba36469d7d4",
                "sha256:7d3bbeefd8a6a1a1017265d2d36f8ff2d79d0162d8c141aa0d37a87063525656",
                "sha256:83a8ec0ee0192b6e3feee9f6a499d1377e9c295af74d7f81ecba5a42a6b195b7",
                "sha256:865bc3d7cc0ea63189d11a0b1120d1307ed7a64720a8bfa5be2fde5fc6d0d33f",
                "sha256:90cfa4144ff189a3c3de62e2f3669283c98fb760cfa2e82ff70df40f11cadb39",
                "sha256:91575d97fd67391b85686573d758896ed2fc7476321c9d2e2b0c398b628b961c",
                "sha256:9a6ac34c16f4d5d3c174c76c9d7614ec8fe735f8f82b6cc97a46b54f386a86bf",
                "sha256:a529218e72a3dbdc83676198e610485fdfa31178f4be5b519a8ae12ea688db14",
                "sha256:a70a614791ff65f5e283feed747e1cc3d9e6c6ba91556e640636bbb0a1e32a71",
                "sha256:ac1dfc397475d1de485e76de0c3c91cc9d79bd39012a84bb0f5e8a199fc17bef",
                "sha256:b06d031bc64149e340448fea25eee01360a58936c89985cf584134171e05863f",
                "sha256:b4f0711cc83734c6fad94fc8d4ec30f3d52c1787b17d9dca261dc841d4731c64",
                "sha256:b50c401b64883e61556a90b89948297f1714dbac29243d17ed9284a47e6dd731",
                "sha256:b519cf3726ddb6c67f6a951d1bb1d29691111eaa67ea19ddca4d454fbe35949c",
                "sha256:bca57b683e3d94d0919e2f31e4d70fdfbb7059650ef1b431d9f4e045690edcd5",
                "sha256:c43755d2c46b75a7b74ac6226d2cc9fa2a76c3263c5ae70c195c6fb4e7b08e79",
                "sha256:c7eed1fb3008a8a4a56425334b7eb82651a51f9e9a9c2f72844a2fb394f38a6c",
                "sha256:c8b0d834b11be97d5ab2b4dceada20ae8e07bcccbc0f55d71df6729965f406ad",
                "sha256:ce88ec79df55430e37178a191ad8df45cae90b0f6972d46d867bf6ebbb58cc4d",
                "sha256:d173d24e85e51510e658fb108513d5bc11e3fd2820db6b1bd0522266ddd11f51",
                "sha256:d8f55f355be7821dade839df785a49dc9f16d1af363134d07eb11e9207e0b189",
                "sha256:da71de5bf552d83dcc21b78cc0020e86f8d0feea43e202110973987ffa781c21",
                "sha256:e55698e0ed95a70fe9ff9a23c763acfe0bf335b02df12142f74e4543095e9a9b",
                "sha256:f32a748703e7bf6e92dfa3d2936b2fbfe76f8ce5f756e24f49ef72d17d26ad02",
                "sha256:f470a130d6ddb05b810fc1776d918659407f8d025b7f56d2742a596b6dffa6c7"
            ],
            "markers": "python_version >= '3.7'",
            "version": "==2.0.1"
        },
        "six": {
            "hashes": [
                "sha256:1e61c37477a1626458e36f7b1d82aa5c9b094fa4802892072e49de9c60c4c926",
                "sha256:8abb2f1d86890a2dfb989f9a77cfcfd3e47c2a354b01111771326f8aa26e0254"
            ],
            "markers": "python_version >= '2.7' and python_version not in '3.0, 3.1, 3.2, 3.3'",
            "version": "==1.16.0"
        },
        "sniffio": {
            "hashes": [
                "sha256:e60305c5e5d314f5389259b7f22aaa33d8f7dee49763119234af3755c55b9101",
                "sha256:eecefdce1e5bbfb7ad2eeaabf7c1eeb404d7757c379bd1f7e5cce9d8bf425384"
            ],
            "markers": "python_version >= '3.7'",
            "version": "==1.3.0"
        },
        "sqlite-fts4": {
            "hashes": [
                "sha256:0359edd8dea6fd73c848989e1e2b1f31a50fe5f9d7272299ff0e8dbaa62d035f",
                "sha256:78b05eeaf6680e9dbed8986bde011e9c086a06cb0c931b3cf7da94c214e8930c"
            ],
            "version": "==1.0.3"
        },
        "sqlite-utils": {
            "hashes": [
                "sha256:8f6fe7f8d12772cd5cf4594703a98dcd0c37c0fd6820dd20541ba74b9fca363a",
                "sha256:d95591db18716ce7eac9a6359f4958598944d9e6640ccc42a2be6ab8456edddf"
            ],
            "index": "pypi",
            "version": "==3.35"
        },
        "tabulate": {
            "hashes": [
                "sha256:0095b12bf5966de529c0feb1fa08671671b3368eec77d7ef7ab114be2c068b3c",
                "sha256:024ca478df22e9340661486f85298cff5f6dcdba14f3813e8830015b9ed1948f"
            ],
            "markers": "python_version >= '3.7'",
            "version": "==0.9.0"
        },
        "typing-extensions": {
            "hashes": [
                "sha256:440d5dd3af93b060174bf433bccd69b0babc3b15b1a8dca43789fd7f61514b36",
                "sha256:b75ddc264f0ba5615db7ba217daeb99701ad295353c45f9e95963337ceeeffb2"
            ],
            "markers": "python_version >= '3.7'",
            "version": "==4.7.1"
        },
        "tzdata": {
            "hashes": [
                "sha256:11ef1e08e54acb0d4f95bdb1be05da659673de4acbd21bf9c69e94cc5e907a3a",
                "sha256:7e65763eef3120314099b6939b5546db7adce1e7d6f2e179e3df563c70511eda"
            ],
            "markers": "python_version >= '2'",
            "version": "==2023.3"
        },
        "us": {
            "hashes": [
                "sha256:e347963e8d24a1ca7437af443fa68591776847b50c8650d8ef0eb53482e705c2"
            ],
            "version": "==3.1.1"
        },
        "uvicorn": {
            "hashes": [
                "sha256:1f9be6558f01239d4fdf22ef8126c39cb1ad0addf76c40e760549d2c2f43ab53",
                "sha256:4d3cc12d7727ba72b64d12d3cc7743124074c0a69f7b201512fc50c3e3f1569a"
            ],
            "markers": "python_version >= '3.8'",
            "version": "==0.23.2"
        }
    },
    "develop": {
        "appnope": {
            "hashes": [
                "sha256:02bd91c4de869fbb1e1c50aafc4098827a7a54ab2f39d9dcba6c9547ed920e24",
                "sha256:265a455292d0bd8a72453494fa24df5a11eb18373a60c7c0430889f22548605e"
            ],
            "markers": "sys_platform == 'darwin'",
            "version": "==0.1.3"
        },
        "asttokens": {
            "hashes": [
                "sha256:4622110b2a6f30b77e1473affaa97e711bc2f07d3f10848420ff1898edbe94f3",
                "sha256:6b0ac9e93fb0335014d382b8fa9b3afa7df546984258005da0b9e7095b3deb1c"
            ],
            "version": "==2.2.1"
        },
        "backcall": {
            "hashes": [
                "sha256:5cbdbf27be5e7cfadb448baf0aa95508f91f2bbc6c6437cd9cd06e2a4c215e1e",
                "sha256:fbbce6a29f263178a1f7915c1940bde0ec2b2a967566fe1c65c1dfb7422bd255"
            ],
            "version": "==0.2.0"
        },
        "decorator": {
            "hashes": [
                "sha256:637996211036b6385ef91435e4fae22989472f9d571faba8927ba8253acbc330",
                "sha256:b8c3f85900b9dc423225913c5aace94729fe1fa9763b38939a95226f02d37186"
            ],
            "markers": "python_version >= '3.5'",
            "version": "==5.1.1"
        },
        "executing": {
            "hashes": [
                "sha256:0314a69e37426e3608aada02473b4161d4caf5a4b244d1d0c48072b8fee7bacc",
                "sha256:19da64c18d2d851112f09c287f8d3dbbdf725ab0e569077efb6cdcbd3497c107"
            ],
            "version": "==1.2.0"
        },
        "ipython": {
            "hashes": [
                "sha256:1d197b907b6ba441b692c48cf2a3a2de280dc0ac91a3405b39349a50272ca0a1",
                "sha256:248aca623f5c99a6635bc3857677b7320b9b8039f99f070ee0d20a5ca5a8e6bf"
            ],
            "index": "pypi",
            "version": "==8.14.0"
        },
        "jedi": {
            "hashes": [
                "sha256:bcf9894f1753969cbac8022a8c2eaee06bfa3724e4192470aaffe7eb6272b0c4",
                "sha256:cb8ce23fbccff0025e9386b5cf85e892f94c9b822378f8da49970471335ac64e"
            ],
            "markers": "python_version >= '3.6'",
            "version": "==0.19.0"
        },
        "matplotlib-inline": {
            "hashes": [
                "sha256:f1f41aab5328aa5aaea9b16d083b128102f8712542f819fe7e6a420ff581b311",
                "sha256:f887e5f10ba98e8d2b150ddcf4702c1e5f8b3a20005eb0f74bfdbd360ee6f304"
            ],
            "markers": "python_version >= '3.5'",
            "version": "==0.1.6"
        },
        "parso": {
            "hashes": [
                "sha256:8c07be290bb59f03588915921e29e8a50002acaf2cdc5fa0e0114f91709fafa0",
                "sha256:c001d4636cd3aecdaf33cbb40aebb59b094be2a74c556778ef5576c175e19e75"
            ],
            "markers": "python_version >= '3.6'",
            "version": "==0.8.3"
        },
        "pexpect": {
            "hashes": [
                "sha256:0b48a55dcb3c05f3329815901ea4fc1537514d6ba867a152b581d69ae3710937",
                "sha256:fc65a43959d153d0114afe13997d439c22823a27cefceb5ff35c2178c6784c0c"
            ],
            "markers": "sys_platform != 'win32'",
            "version": "==4.8.0"
        },
        "pickleshare": {
            "hashes": [
                "sha256:87683d47965c1da65cdacaf31c8441d12b8044cdec9aca500cd78fc2c683afca",
                "sha256:9649af414d74d4df115d5d718f82acb59c9d418196b7b4290ed47a12ce62df56"
            ],
            "version": "==0.7.5"
        },
        "prompt-toolkit": {
            "hashes": [
                "sha256:04505ade687dc26dc4284b1ad19a83be2f2afe83e7a828ace0c72f3a1df72aac",
                "sha256:9dffbe1d8acf91e3de75f3b544e4842382fc06c6babe903ac9acb74dc6e08d88"
            ],
            "markers": "python_full_version >= '3.7.0'",
            "version": "==3.0.39"
        },
        "ptyprocess": {
            "hashes": [
                "sha256:4b41f3967fce3af57cc7e94b888626c18bf37a083e3651ca8feeb66d492fef35",
                "sha256:5c5d0a3b48ceee0b48485e0c26037c0acd7d29765ca3fbb5cb3831d347423220"
            ],
            "version": "==0.7.0"
        },
        "pure-eval": {
            "hashes": [
                "sha256:01eaab343580944bc56080ebe0a674b39ec44a945e6d09ba7db3cb8cec289350",
                "sha256:2b45320af6dfaa1750f543d714b6d1c520a1688dec6fd24d339063ce0aaa9ac3"
            ],
            "version": "==0.2.2"
        },
        "pygments": {
            "hashes": [
                "sha256:13fc09fa63bc8d8671a6d247e1eb303c4b343eaee81d861f3404db2935653692",
                "sha256:1daff0494820c69bc8941e407aa20f577374ee88364ee10a98fdbe0aece96e29"
            ],
            "markers": "python_version >= '3.7'",
            "version": "==2.16.1"
        },
        "six": {
            "hashes": [
                "sha256:1e61c37477a1626458e36f7b1d82aa5c9b094fa4802892072e49de9c60c4c926",
                "sha256:8abb2f1d86890a2dfb989f9a77cfcfd3e47c2a354b01111771326f8aa26e0254"
            ],
            "markers": "python_version >= '2.7' and python_version not in '3.0, 3.1, 3.2, 3.3'",
            "version": "==1.16.0"
        },
        "stack-data": {
            "hashes": [
                "sha256:32d2dd0376772d01b6cb9fc996f3c8b57a357089dec328ed4b6553d037eaf815",
                "sha256:cbb2a53eb64e5785878201a97ed7c7b94883f48b87bfb0bbe8b623c74679e4a8"
            ],
            "version": "==0.6.2"
        },
        "traitlets": {
            "hashes": [
                "sha256:9e6ec080259b9a5940c797d58b613b5e31441c2257b87c2e795c5228ae80d2d8",
                "sha256:f6cde21a9c68cf756af02035f72d5a723bf607e862e7be33ece505abf4a3bad9"
            ],
            "markers": "python_version >= '3.7'",
            "version": "==5.9.0"
        },
        "wcwidth": {
            "hashes": [
                "sha256:795b138f6875577cd91bba52baf9e445cd5118fd32723b460e30a0af30ea230e",
                "sha256:a5220780a404dbe3353789870978e472cfe477761f06ee55077256e509b156d0"
            ],
            "version": "==0.2.6"
        }
    }
}
